
Microsoft Visual Studio Solution File, Format Version 12.00
# Visual Studio Version 17
VisualStudioVersion = 17.3.32804.467
MinimumVisualStudioVersion = 10.0.40219.1
Project("{FAE04EC0-301F-11D3-BF4B-00C04F79EFBC}") = "Project2", "Project2.csproj", "{F920CF1E-658D-42BE-A818-AD963489A3AF}"
EndProject
Global
	GlobalSection(SolutionConfigurationPlatforms) = preSolution
		Debug|Any CPU = Debug|Any CPU
		Release|Any CPU = Release|Any CPU
	EndGlobalSection
	GlobalSection(ProjectConfigurationPlatforms) = postSolution
		{F920CF1E-658D-42BE-A818-AD963489A3AF}.Debug|Any CPU.ActiveCfg = Debug|Any CPU
		{F920CF1E-658D-42BE-A818-AD963489A3AF}.Debug|Any CPU.Build.0 = Debug|Any CPU
		{F920CF1E-658D-42BE-A818-AD963489A3AF}.Release|Any CPU.ActiveCfg = Release|Any CPU
		{F920CF1E-658D-42BE-A818-AD963489A3AF}.Release|Any CPU.Build.0 = Release|Any CPU
	EndGlobalSection
	GlobalSection(SolutionProperties) = preSolution
		HideSolutionNode = FALSE
	EndGlobalSection
	GlobalSection(ExtensibilityGlobals) = postSolution
		SolutionGuid = {3CB3BE16-8E4D-489B-A0DF-90B62D7D29BF}
	EndGlobalSection
EndGlobal
